
Microsoft Visual Studio Solution File, Format Version 12.00
# Visual Studio Version 17
VisualStudioVersion = 17.10.35122.118
MinimumVisualStudioVersion = 10.0.40219.1
Project("{9A19103F-16F7-4668-BE54-9A1E7A4F7556}") = "task07", "task07\task07.csproj", "{D9EB329A-0DBA-457D-85BD-CF516EC9F2CC}"
EndProject
Project("{9A19103F-16F7-4668-BE54-9A1E7A4F7556}") = "task07tests", "task07tests\task07tests.csproj", "{C2A4C1E9-F1F5-47D0-A8D7-365B4348BB96}"
EndProject
Project("{FAE04EC0-301F-11D3-BF4B-00C04F79EFBC}") = "task09", "task09\task09.csproj", "{2C5D7FA8-B4FA-452E-92C2-71980A32094E}"
EndProject
Global
	GlobalSection(SolutionConfigurationPlatforms) = preSolution
		Debug|Any CPU = Debug|Any CPU
		Release|Any CPU = Release|Any CPU
	EndGlobalSection
	GlobalSection(ProjectConfigurationPlatforms) = postSolution
		{D9EB329A-0DBA-457D-85BD-CF516EC9F2CC}.Debug|Any CPU.ActiveCfg = Debug|Any CPU
		{D9EB329A-0DBA-457D-85BD-CF516EC9F2CC}.Debug|Any CPU.Build.0 = Debug|Any CPU
		{D9EB329A-0DBA-457D-85BD-CF516EC9F2CC}.Release|Any CPU.ActiveCfg = Release|Any CPU
		{D9EB329A-0DBA-457D-85BD-CF516EC9F2CC}.Release|Any CPU.Build.0 = Release|Any CPU
		{C2A4C1E9-F1F5-47D0-A8D7-365B4348BB96}.Debug|Any CPU.ActiveCfg = Debug|Any CPU
		{C2A4C1E9-F1F5-47D0-A8D7-365B4348BB96}.Debug|Any CPU.Build.0 = Debug|Any CPU
		{C2A4C1E9-F1F5-47D0-A8D7-365B4348BB96}.Release|Any CPU.ActiveCfg = Release|Any CPU
		{C2A4C1E9-F1F5-47D0-A8D7-365B4348BB96}.Release|Any CPU.Build.0 = Release|Any CPU
		{2C5D7FA8-B4FA-452E-92C2-71980A32094E}.Debug|Any CPU.ActiveCfg = Debug|Any CPU
		{2C5D7FA8-B4FA-452E-92C2-71980A32094E}.Debug|Any CPU.Build.0 = Debug|Any CPU
		{2C5D7FA8-B4FA-452E-92C2-71980A32094E}.Release|Any CPU.ActiveCfg = Release|Any CPU
		{2C5D7FA8-B4FA-452E-92C2-71980A32094E}.Release|Any CPU.Build.0 = Release|Any CPU
	EndGlobalSection
	GlobalSection(SolutionProperties) = preSolution
		HideSolutionNode = FALSE
	EndGlobalSection
	GlobalSection(ExtensibilityGlobals) = postSolution
		SolutionGuid = {A8A2819C-4C86-4601-9A91-E4ACA43063C1}
	EndGlobalSection
EndGlobal
